
Microsoft Visual Studio Solution File, Format Version 12.00
# Visual Studio Version 16
VisualStudioVersion = 16.0.30406.217
MinimumVisualStudioVersion = 10.0.40219.1
Project("{FAE04EC0-301F-11D3-BF4B-00C04F79EFBC}") = "GAME", "GAME\GAME.csproj", "{79BDA6B7-1027-4D08-BB87-8E07B441ECDD}"
EndProject
Global
	GlobalSection(SolutionConfigurationPlatforms) = preSolution
		Debug|Any CPU = Debug|Any CPU
		Release|Any CPU = Release|Any CPU
	EndGlobalSection
	GlobalSection(ProjectConfigurationPlatforms) = postSolution
		{79BDA6B7-1027-4D08-BB87-8E07B441ECDD}.Debug|Any CPU.ActiveCfg = Debug|Any CPU
		{79BDA6B7-1027-4D08-BB87-8E07B441ECDD}.Debug|Any CPU.Build.0 = Debug|Any CPU
		{79BDA6B7-1027-4D08-BB87-8E07B441ECDD}.Release|Any CPU.ActiveCfg = Release|Any CPU
		{79BDA6B7-1027-4D08-BB87-8E07B441ECDD}.Release|Any CPU.Build.0 = Release|Any CPU
	EndGlobalSection
	GlobalSection(SolutionProperties) = preSolution
		HideSolutionNode = FALSE
	EndGlobalSection
	GlobalSection(ExtensibilityGlobals) = postSolution
		SolutionGuid = {7C087218-4697-4EE1-AEAC-BD2468413A2B}
	EndGlobalSection
EndGlobal
